
Microsoft Visual Studio Solution File, Format Version 12.00
# Visual Studio Version 17
VisualStudioVersion = 17.13.35806.99 d17.13
MinimumVisualStudioVersion = 10.0.40219.1
Project("{FAE04EC0-301F-11D3-BF4B-00C04F79EFBC}") = "SecretsManagementConsoleApp", "SecretsManagementConsoleApp.csproj", "{C87B0003-1E05-44FD-A558-B56485830838}"
EndProject
Global
	GlobalSection(SolutionConfigurationPlatforms) = preSolution
		Debug|Any CPU = Debug|Any CPU
		Release|Any CPU = Release|Any CPU
	EndGlobalSection
	GlobalSection(ProjectConfigurationPlatforms) = postSolution
		{C87B0003-1E05-44FD-A558-B56485830838}.Debug|Any CPU.ActiveCfg = Debug|Any CPU
		{C87B0003-1E05-44FD-A558-B56485830838}.Debug|Any CPU.Build.0 = Debug|Any CPU
		{C87B0003-1E05-44FD-A558-B56485830838}.Release|Any CPU.ActiveCfg = Release|Any CPU
		{C87B0003-1E05-44FD-A558-B56485830838}.Release|Any CPU.Build.0 = Release|Any CPU
	EndGlobalSection
	GlobalSection(SolutionProperties) = preSolution
		HideSolutionNode = FALSE
	EndGlobalSection
	GlobalSection(ExtensibilityGlobals) = postSolution
		SolutionGuid = {B3B6CB17-0008-44E7-AD50-03BEF976C8F2}
	EndGlobalSection
EndGlobal
